
Microsoft Visual Studio Solution File, Format Version 12.00
# Visual Studio Version 17
VisualStudioVersion = 17.4.33122.133
MinimumVisualStudioVersion = 10.0.40219.1
Project("{FAE04EC0-301F-11D3-BF4B-00C04F79EFBC}") = "EFAPIRelationsships", "EFAPIRelationsships.csproj", "{468171A3-42EC-404B-AD02-825CDE4276D8}"
EndProject
Global
	GlobalSection(SolutionConfigurationPlatforms) = preSolution
		Debug|Any CPU = Debug|Any CPU
		Release|Any CPU = Release|Any CPU
	EndGlobalSection
	GlobalSection(ProjectConfigurationPlatforms) = postSolution
		{468171A3-42EC-404B-AD02-825CDE4276D8}.Debug|Any CPU.ActiveCfg = Debug|Any CPU
		{468171A3-42EC-404B-AD02-825CDE4276D8}.Debug|Any CPU.Build.0 = Debug|Any CPU
		{468171A3-42EC-404B-AD02-825CDE4276D8}.Release|Any CPU.ActiveCfg = Release|Any CPU
		{468171A3-42EC-404B-AD02-825CDE4276D8}.Release|Any CPU.Build.0 = Release|Any CPU
	EndGlobalSection
	GlobalSection(SolutionProperties) = preSolution
		HideSolutionNode = FALSE
	EndGlobalSection
	GlobalSection(ExtensibilityGlobals) = postSolution
		SolutionGuid = {306CCE7D-3E6E-4DA3-8527-FBA7EBD9FBD0}
	EndGlobalSection
EndGlobal
